{
  "name": "playwright_test",
  "version": "1.0.0",
  "lockfileVersion": 3,
  "requires": true,
  "packages": {
    "": {
      "name": "playwright_test",
      "version": "1.0.0",
      "license": "ISC",
      "dependencies": {
        "dotenv": "^16.4.5"
      },
      "devDependencies": {
        "@faker-js/faker": "^9.0.1"
      }
    },
    "node_modules/@faker-js/faker": {
      "version": "9.0.1",
      "resolved": "https://registry.npmjs.org/@faker-js/faker/-/faker-9.0.1.tgz",
      "integrity": "sha512-4mDeYIgM3By7X6t5E6eYwLAa+2h4DeZDF7thhzIg6XB76jeEvMwadYAMCFJL/R4AnEBcAUO9+gL0vhy3s+qvZA==",
      "dev": true,
      "funding": [
        {
          "type": "opencollective",
          "url": "https://opencollective.com/fakerjs"
        }
      ],
      "license": "MIT",
      "engines": {
        "node": ">=18.0.0",
        "npm": ">=9.0.0"
      }
    },
    "node_modules/dotenv": {
      "version": "16.4.5",
      "resolved": "https://registry.npmjs.org/dotenv/-/dotenv-16.4.5.tgz",
      "integrity": "sha512-ZmdL2rui+eB2YwhsWzjInR8LldtZHGDoQ1ugH85ppHKwpUHL7j7rN0Ti9NCnGiQbhaZ11FpR+7ao1dNsmduNUg==",
      "license": "BSD-2-Clause",
      "engines": {
        "node": ">=12"
      },
      "funding": {
        "url": "https://dotenvx.com"
      }
    }
  }
}
